// !$*UTF8*$!
{
	archiveVersion = 1;
	classes = {
	};
	objectVersion = 50;
	objects = {

/* Begin PBXBuildFile section */
		FA142C8B244384E900BAA790 /* AppDelegate.swift in Sources */ = {isa = PBXBuildFile; fileRef = FA142C8A244384E900BAA790 /* AppDelegate.swift */; };
		FA142C8D244384E900BAA790 /* SceneDelegate.swift in Sources */ = {isa = PBXBuildFile; fileRef = FA142C8C244384E900BAA790 /* SceneDelegate.swift */; };
		FA142C8F244384E900BAA790 /* ViewController.swift in Sources */ = {isa = PBXBuildFile; fileRef = FA142C8E244384E900BAA790 /* ViewController.swift */; };
		FA142C92244384E900BAA790 /* Main.storyboard in Resources */ = {isa = PBXBuildFile; fileRef = FA142C90244384E900BAA790 /* Main.storyboard */; };
		FA142C94244384EF00BAA790 /* Assets.xcassets in Resources */ = {isa = PBXBuildFile; fileRef = FA142C93244384EF00BAA790 /* Assets.xcassets */; };
		FA142C97244384EF00BAA790 /* LaunchScreen.storyboard in Resources */ = {isa = PBXBuildFile; fileRef = FA142C95244384EF00BAA790 /* LaunchScreen.storyboard */; };
		FA142CA2244384EF00BAA790 /* CalTipTests.swift in Sources */ = {isa = PBXBuildFile; fileRef = FA142CA1244384EF00BAA790 /* CalTipTests.swift */; };
		FA142CAD244384EF00BAA790 /* CalTipUITests.swift in Sources */ = {isa = PBXBuildFile; fileRef = FA142CAC244384EF00BAA790 /* CalTipUITests.swift */; };
/* End PBXBuildFile section */

/* Begin PBXContainerItemProxy section */
		FA142C9E244384EF00BAA790 /* PBXContainerItemProxy */ = {
			isa = PBXContainerItemProxy;
			containerPortal = FA142C7F244384E900BAA790 /* Project object */;
			proxyType = 1;
			remoteGlobalIDString = FA142C86244384E900BAA790;
			remoteInfo = CalTip;
		};
		FA142CA9244384EF00BAA790 /* PBXContainerItemProxy */ = {
			isa = PBXContainerItemProxy;
			containerPortal = FA142C7F244384E900BAA790 /* Project object */;
			proxyType = 1;
			remoteGlobalIDString = FA142C86244384E900BAA790;
			remoteInfo = CalTip;
		};
/* End PBXContainerItemProxy section */

/* Begin PBXFileReference section */
		FA142C87244384E900BAA790 /* CalTip.app */ = {isa = PBXFileReference; explicitFileType = wrapper.application; includeInIndex = 0; path = CalTip.app; sourceTree = BUILT_PRODUCTS_DIR; };
		FA142C8A244384E900BAA790 /* AppDelegate.swift */ = {isa = PBXFileReference; lastKnownFileType = sourcecode.swift; path = AppDelegate.swift; sourceTree = "<group>"; };
		FA142C8C244384E900BAA790 /* SceneDelegate.swift */ = {isa = PBXFileReference; lastKnownFileType = sourcecode.swift; path = SceneDelegate.swift; sourceTree = "<group>"; };
		FA142C8E244384E900BAA790 /* ViewController.swift */ = {isa = PBXFileReference; lastKnownFileType = sourcecode.swift; path = ViewController.swift; sourceTree = "<group>"; };
		FA142C91244384E900BAA790 /* Base */ = {isa = PBXFileReference; lastKnownFileType = file.storyboard; name = Base; path = Base.lproj/Main.storyboard; sourceTree = "<group>"; };
		FA142C93244384EF00BAA790 /* Assets.xcassets */ = {isa = PBXFileReference; lastKnownFileType = folder.assetcatalog; path = Assets.xcassets; sourceTree = "<group>"; };
		FA142C96244384EF00BAA790 /* Base */ = {isa = PBXFileReference; lastKnownFileType = file.storyboard; name = Base; path = Base.lproj/LaunchScreen.storyboard; sourceTree = "<group>"; };
		FA142C98244384EF00BAA790 /* Info.plist */ = {isa = PBXFileReference; lastKnownFileType = text.plist.xml; path = Info.plist; sourceTree = "<group>"; };
		FA142C9D244384EF00BAA790 /* CalTipTests.xctest */ = {isa = PBXFileReference; explicitFileType = wrapper.cfbundle; includeInIndex = 0; path = CalTipTests.xctest; sourceTree = BUILT_PRODUCTS_DIR; };
		FA142CA1244384EF00BAA790 /* CalTipTests.swift */ = {isa = PBXFileReference; lastKnownFileType = sourcecode.swift; path = CalTipTests.swift; sourceTree = "<group>"; };
		FA142CA3244384EF00BAA790 /* Info.plist */ = {isa = PBXFileReference; lastKnownFileType = text.plist.xml; path = Info.plist; sourceTree = "<group>"; };
		FA142CA8244384EF00BAA790 /* CalTipUITests.xctest */ = {isa = PBXFileReference; explicitFileType = wrapper.cfbundle; includeInIndex = 0; path = CalTipUITests.xctest; sourceTree = BUILT_PRODUCTS_DIR; };
		FA142CAC244384EF00BAA790 /* CalTipUITests.swift */ = {isa = PBXFileReference; lastKnownFileType = sourcecode.swift; path = CalTipUITests.swift; sourceTree = "<group>"; };
		FA142CAE244384EF00BAA790 /* Info.plist */ = {isa = PBXFileReference; lastKnownFileType = text.plist.xml; path = Info.plist; sourceTree = "<group>"; };
/* End PBXFileReference section */

/* Begin PBXFrameworksBuildPhase section */
		FA142C84244384E900BAA790 /* Frameworks */ = {
			isa = PBXFrameworksBuildPhase;
			buildActionMask = 2147483647;
			files = (
			);
			runOnlyForDeploymentPostprocessing = 0;
		};
		FA142C9A244384EF00BAA790 /* Frameworks */ = {
			isa = PBXFrameworksBuildPhase;
			buildActionMask = 2147483647;
			files = (
			);
			runOnlyForDeploymentPostprocessing = 0;
		};
		FA142CA5244384EF00BAA790 /* Frameworks */ = {
			isa = PBXFrameworksBuildPhase;
			buildActionMask = 2147483647;
			files = (
			);
			runOnlyForDeploymentPostprocessing = 0;
		};
/* End PBXFrameworksBuildPhase section */

/* Begin PBXGroup section */
		FA142C7E244384E900BAA790 = {
			isa = PBXGroup;
			children = (
				FA142C89244384E900BAA790 /* CalTip */,
				FA142CA0244384EF00BAA790 /* CalTipTests */,
				FA142CAB244384EF00BAA790 /* CalTipUITests */,
				FA142C88244384E900BAA790 /* Products */,
			);
			sourceTree = "<group>";
		};
		FA142C88244384E900BAA790 /* Products */ = {
			isa = PBXGroup;
			children = (
				FA142C87244384E900BAA790 /* CalTip.app */,
				FA142C9D244384EF00BAA790 /* CalTipTests.xctest */,
				FA142CA8244384EF00BAA790 /* CalTipUITests.xctest */,
			);
			name = Products;
			sourceTree = "<group>";
		};
		FA142C89244384E900BAA790 /* CalTip */ = {
			isa = PBXGroup;
			children = (
				FA142C8A244384E900BAA790 /* AppDelegate.swift */,
				FA142C8C244384E900BAA790 /* SceneDelegate.swift */,
				FA142C8E244384E900BAA790 /* ViewController.swift */,
				FA142C90244384E900BAA790 /* Main.storyboard */,
				FA142C93244384EF00BAA790 /* Assets.xcassets */,
				FA142C95244384EF00BAA790 /* LaunchScreen.storyboard */,
				FA142C98244384EF00BAA790 /* Info.plist */,
			);
			path = CalTip;
			sourceTree = "<group>";
		};
		FA142CA0244384EF00BAA790 /* CalTipTests */ = {
			isa = PBXGroup;
			children = (
				FA142CA1244384EF00BAA790 /* CalTipTests.swift */,
				FA142CA3244384EF00BAA790 /* Info.plist */,
			);
			path = CalTipTests;
			sourceTree = "<group>";
		};
		FA142CAB244384EF00BAA790 /* CalTipUITests */ = {
			isa = PBXGroup;
			children = (
				FA142CAC244384EF00BAA790 /* CalTipUITests.swift */,
				FA142CAE244384EF00BAA790 /* Info.plist */,
			);
			path = CalTipUITests;
			sourceTree = "<group>";
		};
/* End PBXGroup section */

/* Begin PBXNativeTarget section */
		FA142C86244384E900BAA790 /* CalTip */ = {
			isa = PBXNativeTarget;
			buildConfigurationList = FA142CB1244384EF00BAA790 /* Build configuration list for PBXNativeTarget "CalTip" */;
			buildPhases = (
				FA142C83244384E900BAA790 /* Sources */,
				FA142C84244384E900BAA790 /* Frameworks */,
				FA142C85244384E900BAA790 /* Resources */,
			);
			buildRules = (
			);
			dependencies = (
			);
			name = CalTip;
			productName = CalTip;
			productReference = FA142C87244384E900BAA790 /* CalTip.app */;
			productType = "com.apple.product-type.application";
		};
		FA142C9C244384EF00BAA790 /* CalTipTests */ = {
			isa = PBXNativeTarget;
			buildConfigurationList = FA142CB4244384EF00BAA790 /* Build configuration list for PBXNativeTarget "CalTipTests" */;
			buildPhases = (
				FA142C99244384EF00BAA790 /* Sources */,
				FA142C9A244384EF00BAA790 /* Frameworks */,
				FA142C9B244384EF00BAA790 /* Resources */,
			);
			buildRules = (
			);
			dependencies = (
				FA142C9F244384EF00BAA790 /* PBXTargetDependency */,
			);
			name = CalTipTests;
			productName = CalTipTests;
			productReference = FA142C9D244384EF00BAA790 /* CalTipTests.xctest */;
			productType = "com.apple.product-type.bundle.unit-test";
		};
		FA142CA7244384EF00BAA790 /* CalTipUITests */ = {
			isa = PBXNativeTarget;
			buildConfigurationList = FA142CB7244384EF00BAA790 /* Build configuration list for PBXNativeTarget "CalTipUITests" */;
			buildPhases = (
				FA142CA4244384EF00BAA790 /* Sources */,
				FA142CA5244384EF00BAA790 /* Frameworks */,
				FA142CA6244384EF00BAA790 /* Resources */,
			);
			buildRules = (
			);
			dependencies = (
				FA142CAA244384EF00BAA790 /* PBXTargetDependency */,
			);
			name = CalTipUITests;
			productName = CalTipUITests;
			productReference = FA142CA8244384EF00BAA790 /* CalTipUITests.xctest */;
			productType = "com.apple.product-type.bundle.ui-testing";
		};
/* End PBXNativeTarget section */

/* Begin PBXProject section */
		FA142C7F244384E900BAA790 /* Project object */ = {
			isa = PBXProject;
			attributes = {
				LastSwiftUpdateCheck = 1140;
				LastUpgradeCheck = 1140;
				ORGANIZATIONNAME = "Gulesh Shukla";
				TargetAttributes = {
					FA142C86244384E900BAA790 = {
						CreatedOnToolsVersion = 11.4;
					};
					FA142C9C244384EF00BAA790 = {
						CreatedOnToolsVersion = 11.4;
						TestTargetID = FA142C86244384E900BAA790;
					};
					FA142CA7244384EF00BAA790 = {
						CreatedOnToolsVersion = 11.4;
						TestTargetID = FA142C86244384E900BAA790;
					};
				};
			};
			buildConfigurationList = FA142C82244384E900BAA790 /* Build configuration list for PBXProject "CalTip" */;
			compatibilityVersion = "Xcode 9.3";
			developmentRegion = en;
			hasScannedForEncodings = 0;
			knownRegions = (
				en,
				Base,
			);
			mainGroup = FA142C7E244384E900BAA790;
			productRefGroup = FA142C88244384E900BAA790 /* Products */;
			projectDirPath = "";
			projectRoot = "";
			targets = (
				FA142C86244384E900BAA790 /* CalTip */,
				FA142C9C244384EF00BAA790 /* CalTipTests */,
				FA142CA7244384EF00BAA790 /* CalTipUITests */,
			);
		};
/* End PBXProject section */

/* Begin PBXResourcesBuildPhase section */
		FA142C85244384E900BAA790 /* Resources */ = {
			isa = PBXResourcesBuildPhase;
			buildActionMask = 2147483647;
			files = (
				FA142C97244384EF00BAA790 /* LaunchScreen.storyboard in Resources */,
				FA142C94244384EF00BAA790 /* Assets.xcassets in Resources */,
				FA142C92244384E900BAA790 /* Main.storyboard in Resources */,
			);
			runOnlyForDeploymentPostprocessing = 0;
		};
		FA142C9B244384EF00BAA790 /* Resources */ = {
			isa = PBXResourcesBuildPhase;
			buildActionMask = 2147483647;
			files = (
			);
			runOnlyForDeploymentPostprocessing = 0;
		};
		FA142CA6244384EF00BAA790 /* Resources */ = {
			isa = PBXResourcesBuildPhase;
			buildActionMask = 2147483647;
			files = (
			);
			runOnlyForDeploymentPostprocessing = 0;
		};
/* End PBXResourcesBuildPhase section */

/* Begin PBXSourcesBuildPhase section */
		FA142C83244384E900BAA790 /* Sources */ = {
			isa = PBXSourcesBuildPhase;
			buildActionMask = 2147483647;
			files = (
				FA142C8F244384E900BAA790 /* ViewController.swift in Sources */,
				FA142C8B244384E900BAA790 /* AppDelegate.swift in Sources */,
				FA142C8D244384E900BAA790 /* SceneDelegate.swift in Sources */,
			);
			runOnlyForDeploymentPostprocessing = 0;
		};
		FA142C99244384EF00BAA790 /* Sources */ = {
			isa = PBXSourcesBuildPhase;
			buildActionMask = 2147483647;
			files = (
				FA142CA2244384EF00BAA790 /* CalTipTests.swift in Sources */,
			);
			runOnlyForDeploymentPostprocessing = 0;
		};
		FA142CA4244384EF00BAA790 /* Sources */ = {
			isa = PBXSourcesBuildPhase;
			buildActionMask = 2147483647;
			files = (
				FA142CAD244384EF00BAA790 /* CalTipUITests.swift in Sources */,
			);
			runOnlyForDeploymentPostprocessing = 0;
		};
/* End PBXSourcesBuildPhase section */

/* Begin PBXTargetDependency section */
		FA142C9F244384EF00BAA790 /* PBXTargetDependency */ = {
			isa = PBXTargetDependency;
			target = FA142C86244384E900BAA790 /* CalTip */;
			targetProxy = FA142C9E244384EF00BAA790 /* PBXContainerItemProxy */;
		};
		FA142CAA244384EF00BAA790 /* PBXTargetDependency */ = {
			isa = PBXTargetDependency;
			target = FA142C86244384E900BAA790 /* CalTip */;
			targetProxy = FA142CA9244384EF00BAA790 /* PBXContainerItemProxy */;
		};
/* End PBXTargetDependency section */

/* Begin PBXVariantGroup section */
		FA142C90244384E900BAA790 /* Main.storyboard */ = {
			isa = PBXVariantGroup;
			children = (
				FA142C91244384E900BAA790 /* Base */,
			);
			name = Main.storyboard;
			sourceTree = "<group>";
		};
		FA142C95244384EF00BAA790 /* LaunchScreen.storyboard */ = {
			isa = PBXVariantGroup;
			children = (
				FA142C96244384EF00BAA790 /* Base */,
			);
			name = LaunchScreen.storyboard;
			sourceTree = "<group>";
		};
/* End PBXVariantGroup section */

/* Begin XCBuildConfiguration section */
		FA142CAF244384EF00BAA790 /* Debug */ = {
			isa = XCBuildConfiguration;
			buildSettings = {
				ALWAYS_SEARCH_USER_PATHS = NO;
				CLANG_ANALYZER_NONNULL = YES;
				CLANG_ANALYZER_NUMBER_OBJECT_CONVERSION = YES_AGGRESSIVE;
				CLANG_CXX_LANGUAGE_STANDARD = "gnu++14";
				CLANG_CXX_LIBRARY = "libc++";
				CLANG_ENABLE_MODULES = YES;
				CLANG_ENABLE_OBJC_ARC = YES;
				CLANG_ENABLE_OBJC_WEAK = YES;
				CLANG_WARN_BLOCK_CAPTURE_AUTORELEASING = YES;
				CLANG_WARN_BOOL_CONVERSION = YES;
				CLANG_WARN_COMMA = YES;
				CLANG_WARN_CONSTANT_CONVERSION = YES;
				CLANG_WARN_DEPRECATED_OBJC_IMPLEMENTATIONS = YES;
				CLANG_WARN_DIRECT_OBJC_ISA_USAGE = YES_ERROR;
				CLANG_WARN_DOCUMENTATION_COMMENTS = YES;
				CLANG_WARN_EMPTY_BODY = YES;
				CLANG_WARN_ENUM_CONVERSION = YES;
				CLANG_WARN_INFINITE_RECURSION = YES;
				CLANG_WARN_INT_CONVERSION = YES;
				CLANG_WARN_NON_LITERAL_NULL_CONVERSION = YES;
				CLANG_WARN_OBJC_IMPLICIT_RETAIN_SELF = YES;
				CLANG_WARN_OBJC_LITERAL_CONVERSION = YES;
				CLANG_WARN_OBJC_ROOT_CLASS = YES_ERROR;
				CLANG_WARN_RANGE_LOOP_ANALYSIS = YES;
				CLANG_WARN_STRICT_PROTOTYPES = YES;
				CLANG_WARN_SUSPICIOUS_MOVE = YES;
				CLANG_WARN_UNGUARDED_AVAILABILITY = YES_AGGRESSIVE;
				CLANG_WARN_UNREACHABLE_CODE = YES;
				CLANG_WARN__DUPLICATE_METHOD_MATCH = YES;
				COPY_PHASE_STRIP = NO;
				DEBUG_INFORMATION_FORMAT = dwarf;
				ENABLE_STRICT_OBJC_MSGSEND = YES;
				ENABLE_TESTABILITY = YES;
				GCC_C_LANGUAGE_STANDARD = gnu11;
				GCC_DYNAMIC_NO_PIC = NO;
				GCC_NO_COMMON_BLOCKS = YES;
				GCC_OPTIMIZATION_LEVEL = 0;
				GCC_PREPROCESSOR_DEFINITIONS = (
					"DEBUG=1",
					"$(inherited)",
				);
				GCC_WARN_64_TO_32_BIT_CONVERSION = YES;
				GCC_WARN_ABOUT_RETURN_TYPE = YES_ERROR;
				GCC_WARN_UNDECLARED_SELECTOR = YES;
				GCC_WARN_UNINITIALIZED_AUTOS = YES_AGGRESSIVE;
				GCC_WARN_UNUSED_FUNCTION = YES;
				GCC_WARN_UNUSED_VARIABLE = YES;
				IPHONEOS_DEPLOYMENT_TARGET = 13.4;
				MTL_ENABLE_DEBUG_INFO = INCLUDE_SOURCE;
				MTL_FAST_MATH = YES;
				ONLY_ACTIVE_ARCH = YES;
				SDKROOT = iphoneos;
				SWIFT_ACTIVE_COMPILATION_CONDITIONS = DEBUG;
				SWIFT_OPTIMIZATION_LEVEL = "-Onone";
			};
			name = Debug;
		};
		FA142CB0244384EF00BAA790 /* Release */ = {
			isa = XCBuildConfiguration;
			buildSettings = {
				ALWAYS_SEARCH_USER_PATHS = NO;
				CLANG_ANALYZER_NONNULL = YES;
				CLANG_ANALYZER_NUMBER_OBJECT_CONVERSION = YES_AGGRESSIVE;
				CLANG_CXX_LANGUAGE_STANDARD = "gnu++14";
				CLANG_CXX_LIBRARY = "libc++";
				CLANG_ENABLE_MODULES = YES;
				CLANG_ENABLE_OBJC_ARC = YES;
				CLANG_ENABLE_OBJC_WEAK = YES;
				CLANG_WARN_BLOCK_CAPTURE_AUTORELEASING = YES;
				CLANG_WARN_BOOL_CONVERSION = YES;
				CLANG_WARN_COMMA = YES;
				CLANG_WARN_CONSTANT_CONVERSION = YES;
				CLANG_WARN_DEPRECATED_OBJC_IMPLEMENTATIONS = YES;
				CLANG_WARN_DIRECT_OBJC_ISA_USAGE = YES_ERROR;
				CLANG_WARN_DOCUMENTATION_COMMENTS = YES;
				CLANG_WARN_EMPTY_BODY = YES;
				CLANG_WARN_ENUM_CONVERSION = YES;
				CLANG_WARN_INFINITE_RECURSION = YES;
				CLANG_WARN_INT_CONVERSION = YES;
				CLANG_WARN_NON_LITERAL_NULL_CONVERSION = YES;
				CLANG_WARN_OBJC_IMPLICIT_RETAIN_SELF = YES;
				CLANG_WARN_OBJC_LITERAL_CONVERSION = YES;
				CLANG_WARN_OBJC_ROOT_CLASS = YES_ERROR;
				CLANG_WARN_RANGE_LOOP_ANALYSIS = YES;
				CLANG_WARN_STRICT_PROTOTYPES = YES;
				CLANG_WARN_SUSPICIOUS_MOVE = YES;
				CLANG_WARN_UNGUARDED_AVAILABILITY = YES_AGGRESSIVE;
				CLANG_WARN_UNREACHABLE_CODE = YES;
				CLANG_WARN__DUPLICATE_METHOD_MATCH = YES;
				COPY_PHASE_STRIP = NO;
				DEBUG_INFORMATION_FORMAT = "dwarf-with-dsym";
				ENABLE_NS_ASSERTIONS = NO;
				ENABLE_STRICT_OBJC_MSGSEND = YES;
				GCC_C_LANGUAGE_STANDARD = gnu11;
				GCC_NO_COMMON_BLOCKS = YES;
				GCC_WARN_64_TO_32_BIT_CONVERSION = YES;
				GCC_WARN_ABOUT_RETURN_TYPE = YES_ERROR;
				GCC_WARN_UNDECLARED_SELECTOR = YES;
				GCC_WARN_UNINITIALIZED_AUTOS = YES_AGGRESSIVE;
				GCC_WARN_UNUSED_FUNCTION = YES;
				GCC_WARN_UNUSED_VARIABLE = YES;
				IPHONEOS_DEPLOYMENT_TARGET = 13.4;
				MTL_ENABLE_DEBUG_INFO = NO;
				MTL_FAST_MATH = YES;
				SDKROOT = iphoneos;
				SWIFT_COMPILATION_MODE = wholemodule;
				SWIFT_OPTIMIZATION_LEVEL = "-O";
				VALIDATE_PRODUCT = YES;
			};
			name = Release;
		};
		FA142CB2244384EF00BAA790 /* Debug */ = {
			isa = XCBuildConfiguration;
			buildSettings = {
				ASSETCATALOG_COMPILER_APPICON_NAME = AppIcon;
				CODE_SIGN_STYLE = Automatic;
				INFOPLIST_FILE = CalTip/Info.plist;
				LD_RUNPATH_SEARCH_PATHS = (
					"$(inherited)",
					"@executable_path/Frameworks",
				);
				PRODUCT_BUNDLE_IDENTIFIER = "Gulesh-Shukla.CalTip";
				PRODUCT_NAME = "$(TARGET_NAME)";
				SWIFT_VERSION = 5.0;
				TARGETED_DEVICE_FAMILY = "1,2";
			};
			name = Debug;
		};
		FA142CB3244384EF00BAA790 /* Release */ = {
			isa = XCBuildConfiguration;
			buildSettings = {
				ASSETCATALOG_COMPILER_APPICON_NAME = AppIcon;
				CODE_SIGN_STYLE = Automatic;
				INFOPLIST_FILE = CalTip/Info.plist;
				LD_RUNPATH_SEARCH_PATHS = (
					"$(inherited)",
					"@executable_path/Frameworks",
				);
				PRODUCT_BUNDLE_IDENTIFIER = "Gulesh-Shukla.CalTip";
				PRODUCT_NAME = "$(TARGET_NAME)";
				SWIFT_VERSION = 5.0;
				TARGETED_DEVICE_FAMILY = "1,2";
			};
			name = Release;
		};
		FA142CB5244384EF00BAA790 /* Debug */ = {
			isa = XCBuildConfiguration;
			buildSettings = {
				ALWAYS_EMBED_SWIFT_STANDARD_LIBRARIES = YES;
				BUNDLE_LOADER = "$(TEST_HOST)";
				CODE_SIGN_STYLE = Automatic;
				INFOPLIST_FILE = CalTipTests/Info.plist;
				IPHONEOS_DEPLOYMENT_TARGET = 13.4;
				LD_RUNPATH_SEARCH_PATHS = (
					"$(inherited)",
					"@executable_path/Frameworks",
					"@loader_path/Frameworks",
				);
				PRODUCT_BUNDLE_IDENTIFIER = "Gulesh-Shukla.CalTipTests";
				PRODUCT_NAME = "$(TARGET_NAME)";
				SWIFT_VERSION = 5.0;
				TARGETED_DEVICE_FAMILY = "1,2";
				TEST_HOST = "$(BUILT_PRODUCTS_DIR)/CalTip.app/CalTip";
			};
			name = Debug;
		};
		FA142CB6244384EF00BAA790 /* Release */ = {
			isa = XCBuildConfiguration;
			buildSettings = {
				ALWAYS_EMBED_SWIFT_STANDARD_LIBRARIES = YES;
				BUNDLE_LOADER = "$(TEST_HOST)";
				CODE_SIGN_STYLE = Automatic;
				INFOPLIST_FILE = CalTipTests/Info.plist;
				IPHONEOS_DEPLOYMENT_TARGET = 13.4;
				LD_RUNPATH_SEARCH_PATHS = (
					"$(inherited)",
					"@executable_path/Frameworks",
					"@loader_path/Frameworks",
				);
				PRODUCT_BUNDLE_IDENTIFIER = "Gulesh-Shukla.CalTipTests";
				PRODUCT_NAME = "$(TARGET_NAME)";
				SWIFT_VERSION = 5.0;
				TARGETED_DEVICE_FAMILY = "1,2";
				TEST_HOST = "$(BUILT_PRODUCTS_DIR)/CalTip.app/CalTip";
			};
			name = Release;
		};
		FA142CB8244384EF00BAA790 /* Debug */ = {
			isa = XCBuildConfiguration;
			buildSettings = {
				ALWAYS_EMBED_SWIFT_STANDARD_LIBRARIES = YES;
				CODE_SIGN_STYLE = Automatic;
				INFOPLIST_FILE = CalTipUITests/Info.plist;
				LD_RUNPATH_SEARCH_PATHS = (
					"$(inherited)",
					"@executable_path/Frameworks",
					"@loader_path/Frameworks",
				);
				PRODUCT_BUNDLE_IDENTIFIER = "Gulesh-Shukla.CalTipUITests";
				PRODUCT_NAME = "$(TARGET_NAME)";
				SWIFT_VERSION = 5.0;
				TARGETED_DEVICE_FAMILY = "1,2";
				TEST_TARGET_NAME = CalTip;
			};
			name = Debug;
		};
		FA142CB9244384EF00BAA790 /* Release */ = {
			isa = XCBuildConfiguration;
			buildSettings = {
				ALWAYS_EMBED_SWIFT_STANDARD_LIBRARIES = YES;
				CODE_SIGN_STYLE = Automatic;
				INFOPLIST_FILE = CalTipUITests/Info.plist;
				LD_RUNPATH_SEARCH_PATHS = (
					"$(inherited)",
					"@executable_path/Frameworks",
					"@loader_path/Frameworks",
				);
				PRODUCT_BUNDLE_IDENTIFIER = "Gulesh-Shukla.CalTipUITests";
				PRODUCT_NAME = "$(TARGET_NAME)";
				SWIFT_VERSION = 5.0;
				TARGETED_DEVICE_FAMILY = "1,2";
				TEST_TARGET_NAME = CalTip;
			};
			name = Release;
		};
/* End XCBuildConfiguration section */

/* Begin XCConfigurationList section */
		FA142C82244384E900BAA790 /* Build configuration list for PBXProject "CalTip" */ = {
			isa = XCConfigurationList;
			buildConfigurations = (
				FA142CAF244384EF00BAA790 /* Debug */,
				FA142CB0244384EF00BAA790 /* Release */,
			);
			defaultConfigurationIsVisible = 0;
			defaultConfigurationName = Release;
		};
		FA142CB1244384EF00BAA790 /* Build configuration list for PBXNativeTarget "CalTip" */ = {
			isa = XCConfigurationList;
			buildConfigurations = (
				FA142CB2244384EF00BAA790 /* Debug */,
				FA142CB3244384EF00BAA790 /* Release */,
			);
			defaultConfigurationIsVisible = 0;
			defaultConfigurationName = Release;
		};
		FA142CB4244384EF00BAA790 /* Build configuration list for PBXNativeTarget "CalTipTests" */ = {
			isa = XCConfigurationList;
			buildConfigurations = (
				FA142CB5244384EF00BAA790 /* Debug */,
				FA142CB6244384EF00BAA790 /* Release */,
			);
			defaultConfigurationIsVisible = 0;
			defaultConfigurationName = Release;
		};
		FA142CB7244384EF00BAA790 /* Build configuration list for PBXNativeTarget "CalTipUITests" */ = {
			isa = XCConfigurationList;
			buildConfigurations = (
				FA142CB8244384EF00BAA790 /* Debug */,
				FA142CB9244384EF00BAA790 /* Release */,
			);
			defaultConfigurationIsVisible = 0;
			defaultConfigurationName = Release;
		};
/* End XCConfigurationList section */
	};
	rootObject = FA142C7F244384E900BAA790 /* Project object */;
}
